
Microsoft Visual Studio Solution File, Format Version 12.00
# Visual Studio Version 16
VisualStudioVersion = 16.0.30711.63
MinimumVisualStudioVersion = 10.0.40219.1
Project("{9A19103F-16F7-4668-BE54-9A1E7A4F7556}") = "UDPSend_ServerSide", "UDPSend_ServerSide\UDPSend_ServerSide.csproj", "{DC3FA4A1-8DDF-4FE1-80B1-F08D3B94E46F}"
EndProject
Project("{9A19103F-16F7-4668-BE54-9A1E7A4F7556}") = "UDPSend_ClientSide", "UDPSend_ClientSide\UDPSend_ClientSide.csproj", "{D5A5F9B0-3717-4FC3-A89F-76D055560BCC}"
EndProject
Project("{9A19103F-16F7-4668-BE54-9A1E7A4F7556}") = "TCPSend_ServerSide", "TCPSend_ServerSide\TCPSend_ServerSide.csproj", "{783E0BF8-1456-4CC3-9883-2595C9F13975}"
EndProject
Project("{9A19103F-16F7-4668-BE54-9A1E7A4F7556}") = "TCPSend_ClientSide", "TCPSend_ClientSide\TCPSend_ClientSide.csproj", "{2EBB16F2-C894-469A-83E8-1C63B031F62E}"
EndProject
Project("{9A19103F-16F7-4668-BE54-9A1E7A4F7556}") = "CollectionObserve", "CollectionObserve\CollectionObserve.csproj", "{22E773BB-8B72-46A5-8159-C78D70003155}"
EndProject
Project("{9A19103F-16F7-4668-BE54-9A1E7A4F7556}") = "AsynchronousOperations", "AsynchronousOperations\AsynchronousOperations.csproj", "{1162B084-F5EE-421B-AE16-9DEEBAAD0B7A}"
EndProject
Project("{9A19103F-16F7-4668-BE54-9A1E7A4F7556}") = "StreamReader", "StreamReader\StreamReader.csproj", "{94463998-4D93-442F-B17D-D626809DBB17}"
EndProject
Project("{9A19103F-16F7-4668-BE54-9A1E7A4F7556}") = "NetworkInfo", "NetworkInfo\NetworkInfo.csproj", "{A3852E00-7324-4021-8DCE-70C3E9C64B86}"
EndProject
Project("{FAE04EC0-301F-11D3-BF4B-00C04F79EFBC}") = "Generator", "Generator\Generator.csproj", "{3E15DBFA-65F6-48F0-8B6B-A53F30707AB4}"
EndProject
Global
	GlobalSection(SolutionConfigurationPlatforms) = preSolution
		Debug|Any CPU = Debug|Any CPU
		Release|Any CPU = Release|Any CPU
	EndGlobalSection
	GlobalSection(ProjectConfigurationPlatforms) = postSolution
		{DC3FA4A1-8DDF-4FE1-80B1-F08D3B94E46F}.Debug|Any CPU.ActiveCfg = Debug|Any CPU
		{DC3FA4A1-8DDF-4FE1-80B1-F08D3B94E46F}.Debug|Any CPU.Build.0 = Debug|Any CPU
		{DC3FA4A1-8DDF-4FE1-80B1-F08D3B94E46F}.Release|Any CPU.ActiveCfg = Release|Any CPU
		{DC3FA4A1-8DDF-4FE1-80B1-F08D3B94E46F}.Release|Any CPU.Build.0 = Release|Any CPU
		{D5A5F9B0-3717-4FC3-A89F-76D055560BCC}.Debug|Any CPU.ActiveCfg = Debug|Any CPU
		{D5A5F9B0-3717-4FC3-A89F-76D055560BCC}.Debug|Any CPU.Build.0 = Debug|Any CPU
		{D5A5F9B0-3717-4FC3-A89F-76D055560BCC}.Release|Any CPU.ActiveCfg = Release|Any CPU
		{D5A5F9B0-3717-4FC3-A89F-76D055560BCC}.Release|Any CPU.Build.0 = Release|Any CPU
		{783E0BF8-1456-4CC3-9883-2595C9F13975}.Debug|Any CPU.ActiveCfg = Debug|Any CPU
		{783E0BF8-1456-4CC3-9883-2595C9F13975}.Debug|Any CPU.Build.0 = Debug|Any CPU
		{783E0BF8-1456-4CC3-9883-2595C9F13975}.Release|Any CPU.ActiveCfg = Release|Any CPU
		{783E0BF8-1456-4CC3-9883-2595C9F13975}.Release|Any CPU.Build.0 = Release|Any CPU
		{2EBB16F2-C894-469A-83E8-1C63B031F62E}.Debug|Any CPU.ActiveCfg = Debug|Any CPU
		{2EBB16F2-C894-469A-83E8-1C63B031F62E}.Debug|Any CPU.Build.0 = Debug|Any CPU
		{2EBB16F2-C894-469A-83E8-1C63B031F62E}.Release|Any CPU.ActiveCfg = Release|Any CPU
		{2EBB16F2-C894-469A-83E8-1C63B031F62E}.Release|Any CPU.Build.0 = Release|Any CPU
		{22E773BB-8B72-46A5-8159-C78D70003155}.Debug|Any CPU.ActiveCfg = Debug|Any CPU
		{22E773BB-8B72-46A5-8159-C78D70003155}.Debug|Any CPU.Build.0 = Debug|Any CPU
		{22E773BB-8B72-46A5-8159-C78D70003155}.Release|Any CPU.ActiveCfg = Release|Any CPU
		{22E773BB-8B72-46A5-8159-C78D70003155}.Release|Any CPU.Build.0 = Release|Any CPU
		{1162B084-F5EE-421B-AE16-9DEEBAAD0B7A}.Debug|Any CPU.ActiveCfg = Debug|Any CPU
		{1162B084-F5EE-421B-AE16-9DEEBAAD0B7A}.Debug|Any CPU.Build.0 = Debug|Any CPU
		{1162B084-F5EE-421B-AE16-9DEEBAAD0B7A}.Release|Any CPU.ActiveCfg = Release|Any CPU
		{1162B084-F5EE-421B-AE16-9DEEBAAD0B7A}.Release|Any CPU.Build.0 = Release|Any CPU
		{94463998-4D93-442F-B17D-D626809DBB17}.Debug|Any CPU.ActiveCfg = Debug|Any CPU
		{94463998-4D93-442F-B17D-D626809DBB17}.Debug|Any CPU.Build.0 = Debug|Any CPU
		{94463998-4D93-442F-B17D-D626809DBB17}.Release|Any CPU.ActiveCfg = Release|Any CPU
		{94463998-4D93-442F-B17D-D626809DBB17}.Release|Any CPU.Build.0 = Release|Any CPU
		{A3852E00-7324-4021-8DCE-70C3E9C64B86}.Debug|Any CPU.ActiveCfg = Debug|Any CPU
		{A3852E00-7324-4021-8DCE-70C3E9C64B86}.Debug|Any CPU.Build.0 = Debug|Any CPU
		{A3852E00-7324-4021-8DCE-70C3E9C64B86}.Release|Any CPU.ActiveCfg = Release|Any CPU
		{A3852E00-7324-4021-8DCE-70C3E9C64B86}.Release|Any CPU.Build.0 = Release|Any CPU
		{3E15DBFA-65F6-48F0-8B6B-A53F30707AB4}.Debug|Any CPU.ActiveCfg = Debug|Any CPU
		{3E15DBFA-65F6-48F0-8B6B-A53F30707AB4}.Debug|Any CPU.Build.0 = Debug|Any CPU
		{3E15DBFA-65F6-48F0-8B6B-A53F30707AB4}.Release|Any CPU.ActiveCfg = Release|Any CPU
		{3E15DBFA-65F6-48F0-8B6B-A53F30707AB4}.Release|Any CPU.Build.0 = Release|Any CPU
	EndGlobalSection
	GlobalSection(SolutionProperties) = preSolution
		HideSolutionNode = FALSE
	EndGlobalSection
	GlobalSection(ExtensibilityGlobals) = postSolution
		SolutionGuid = {1D88A1C1-94FD-4945-883F-8AD23DD41485}
	EndGlobalSection
EndGlobal
